
Microsoft Visual Studio Solution File, Format Version 12.00
# Visual Studio 15
Project("{FAE04EC0-301F-11D3-BF4B-00C04F79EFBC}") = "Assembly-CSharp", "Assembly-CSharp.csproj", "{1EA507CC-8FA9-920E-6F08-18FC2BE51446}"
EndProject
Project("{FAE04EC0-301F-11D3-BF4B-00C04F79EFBC}") = "Assembly-CSharp-Editor", "Assembly-CSharp-Editor.csproj", "{FCFAFA88-EBF9-D6E0-3B48-5BDE7C7C9A50}"
EndProject
Global
	GlobalSection(SolutionConfigurationPlatforms) = preSolution
		Debug|Any CPU = Debug|Any CPU
		Release|Any CPU = Release|Any CPU
	EndGlobalSection
	GlobalSection(ProjectConfigurationPlatforms) = postSolution
		{1EA507CC-8FA9-920E-6F08-18FC2BE51446}.Debug|Any CPU.ActiveCfg = Debug|Any CPU
		{1EA507CC-8FA9-920E-6F08-18FC2BE51446}.Debug|Any CPU.Build.0 = Debug|Any CPU
		{1EA507CC-8FA9-920E-6F08-18FC2BE51446}.Release|Any CPU.ActiveCfg = Release|Any CPU
		{1EA507CC-8FA9-920E-6F08-18FC2BE51446}.Release|Any CPU.Build.0 = Release|Any CPU
		{FCFAFA88-EBF9-D6E0-3B48-5BDE7C7C9A50}.Debug|Any CPU.ActiveCfg = Debug|Any CPU
		{FCFAFA88-EBF9-D6E0-3B48-5BDE7C7C9A50}.Debug|Any CPU.Build.0 = Debug|Any CPU
		{FCFAFA88-EBF9-D6E0-3B48-5BDE7C7C9A50}.Release|Any CPU.ActiveCfg = Release|Any CPU
		{FCFAFA88-EBF9-D6E0-3B48-5BDE7C7C9A50}.Release|Any CPU.Build.0 = Release|Any CPU
	EndGlobalSection
	GlobalSection(SolutionProperties) = preSolution
		HideSolutionNode = FALSE
	EndGlobalSection
EndGlobal
